
Microsoft Visual Studio Solution File, Format Version 12.00
# Visual Studio Version 16
VisualStudioVersion = 16.0.33920.266
MinimumVisualStudioVersion = 10.0.40219.1
Project("{FAE04EC0-301F-11D3-BF4B-00C04F79EFBC}") = "MathMethods2", "MathMethods2\MathMethods2.csproj", "{54F305DB-C3C2-474E-AC59-2F1447726B54}"
EndProject
Global
	GlobalSection(SolutionConfigurationPlatforms) = preSolution
		Debug|Any CPU = Debug|Any CPU
		Release|Any CPU = Release|Any CPU
	EndGlobalSection
	GlobalSection(ProjectConfigurationPlatforms) = postSolution
		{54F305DB-C3C2-474E-AC59-2F1447726B54}.Debug|Any CPU.ActiveCfg = Debug|Any CPU
		{54F305DB-C3C2-474E-AC59-2F1447726B54}.Debug|Any CPU.Build.0 = Debug|Any CPU
		{54F305DB-C3C2-474E-AC59-2F1447726B54}.Release|Any CPU.ActiveCfg = Release|Any CPU
		{54F305DB-C3C2-474E-AC59-2F1447726B54}.Release|Any CPU.Build.0 = Release|Any CPU
	EndGlobalSection
	GlobalSection(SolutionProperties) = preSolution
		HideSolutionNode = FALSE
	EndGlobalSection
	GlobalSection(ExtensibilityGlobals) = postSolution
		SolutionGuid = {DC6E8C0D-4B29-4D31-9EE2-AED76EA4E3E4}
	EndGlobalSection
EndGlobal
