
Microsoft Visual Studio Solution File, Format Version 12.00
# Visual Studio Version 16
VisualStudioVersion = 16.0.33920.266
MinimumVisualStudioVersion = 10.0.40219.1
Project("{FAE04EC0-301F-11D3-BF4B-00C04F79EFBC}") = "CarInsurance", "CarInsurance\CarInsurance.csproj", "{84886F9C-F0F7-4AD8-A67A-DA3E1BA05042}"
EndProject
Global
	GlobalSection(SolutionConfigurationPlatforms) = preSolution
		Debug|Any CPU = Debug|Any CPU
		Release|Any CPU = Release|Any CPU
	EndGlobalSection
	GlobalSection(ProjectConfigurationPlatforms) = postSolution
		{84886F9C-F0F7-4AD8-A67A-DA3E1BA05042}.Debug|Any CPU.ActiveCfg = Debug|Any CPU
		{84886F9C-F0F7-4AD8-A67A-DA3E1BA05042}.Debug|Any CPU.Build.0 = Debug|Any CPU
		{84886F9C-F0F7-4AD8-A67A-DA3E1BA05042}.Release|Any CPU.ActiveCfg = Release|Any CPU
		{84886F9C-F0F7-4AD8-A67A-DA3E1BA05042}.Release|Any CPU.Build.0 = Release|Any CPU
	EndGlobalSection
	GlobalSection(SolutionProperties) = preSolution
		HideSolutionNode = FALSE
	EndGlobalSection
	GlobalSection(ExtensibilityGlobals) = postSolution
		SolutionGuid = {18D56DE0-4082-47C5-A4F6-85781A730C18}
	EndGlobalSection
EndGlobal
