
Microsoft Visual Studio Solution File, Format Version 12.00
# Visual Studio Version 16
VisualStudioVersion = 16.0.33920.266
MinimumVisualStudioVersion = 10.0.40219.1
Project("{FAE04EC0-301F-11D3-BF4B-00C04F79EFBC}") = "WebApplication1", "WebApplication1\WebApplication1.csproj", "{6EEF177D-2551-420D-89EE-714A93678774}"
EndProject
Global
	GlobalSection(SolutionConfigurationPlatforms) = preSolution
		Debug|Any CPU = Debug|Any CPU
		Release|Any CPU = Release|Any CPU
	EndGlobalSection
	GlobalSection(ProjectConfigurationPlatforms) = postSolution
		{6EEF177D-2551-420D-89EE-714A93678774}.Debug|Any CPU.ActiveCfg = Debug|Any CPU
		{6EEF177D-2551-420D-89EE-714A93678774}.Debug|Any CPU.Build.0 = Debug|Any CPU
		{6EEF177D-2551-420D-89EE-714A93678774}.Release|Any CPU.ActiveCfg = Release|Any CPU
		{6EEF177D-2551-420D-89EE-714A93678774}.Release|Any CPU.Build.0 = Release|Any CPU
	EndGlobalSection
	GlobalSection(SolutionProperties) = preSolution
		HideSolutionNode = FALSE
	EndGlobalSection
	GlobalSection(ExtensibilityGlobals) = postSolution
		SolutionGuid = {195DCF17-582C-4781-84B0-9A9983C585FE}
	EndGlobalSection
EndGlobal
