
Microsoft Visual Studio Solution File, Format Version 12.00
# Visual Studio Version 16
VisualStudioVersion = 16.0.33920.266
MinimumVisualStudioVersion = 10.0.40219.1
Project("{FAE04EC0-301F-11D3-BF4B-00C04F79EFBC}") = "StudentsMVC", "StudentsMVC\StudentsMVC.csproj", "{B0FBC675-1BD6-4A59-BEAC-C77691866902}"
EndProject
Global
	GlobalSection(SolutionConfigurationPlatforms) = preSolution
		Debug|Any CPU = Debug|Any CPU
		Release|Any CPU = Release|Any CPU
	EndGlobalSection
	GlobalSection(ProjectConfigurationPlatforms) = postSolution
		{B0FBC675-1BD6-4A59-BEAC-C77691866902}.Debug|Any CPU.ActiveCfg = Debug|Any CPU
		{B0FBC675-1BD6-4A59-BEAC-C77691866902}.Debug|Any CPU.Build.0 = Debug|Any CPU
		{B0FBC675-1BD6-4A59-BEAC-C77691866902}.Release|Any CPU.ActiveCfg = Release|Any CPU
		{B0FBC675-1BD6-4A59-BEAC-C77691866902}.Release|Any CPU.Build.0 = Release|Any CPU
	EndGlobalSection
	GlobalSection(SolutionProperties) = preSolution
		HideSolutionNode = FALSE
	EndGlobalSection
	GlobalSection(ExtensibilityGlobals) = postSolution
		SolutionGuid = {ED061228-A79F-4414-AF52-2453B427E827}
	EndGlobalSection
EndGlobal
