
Microsoft Visual Studio Solution File, Format Version 12.00
# Visual Studio Version 16
VisualStudioVersion = 16.0.33920.266
MinimumVisualStudioVersion = 10.0.40219.1
Project("{FAE04EC0-301F-11D3-BF4B-00C04F79EFBC}") = "ClassMethodAssignment1", "ClassMethodAssignment1\ClassMethodAssignment1.csproj", "{97BDBC11-A67A-42C4-A4C5-CB64531BEA02}"
EndProject
Global
	GlobalSection(SolutionConfigurationPlatforms) = preSolution
		Debug|Any CPU = Debug|Any CPU
		Release|Any CPU = Release|Any CPU
	EndGlobalSection
	GlobalSection(ProjectConfigurationPlatforms) = postSolution
		{97BDBC11-A67A-42C4-A4C5-CB64531BEA02}.Debug|Any CPU.ActiveCfg = Debug|Any CPU
		{97BDBC11-A67A-42C4-A4C5-CB64531BEA02}.Debug|Any CPU.Build.0 = Debug|Any CPU
		{97BDBC11-A67A-42C4-A4C5-CB64531BEA02}.Release|Any CPU.ActiveCfg = Release|Any CPU
		{97BDBC11-A67A-42C4-A4C5-CB64531BEA02}.Release|Any CPU.Build.0 = Release|Any CPU
	EndGlobalSection
	GlobalSection(SolutionProperties) = preSolution
		HideSolutionNode = FALSE
	EndGlobalSection
	GlobalSection(ExtensibilityGlobals) = postSolution
		SolutionGuid = {249AE435-E35A-4849-94F6-346E5BD609C5}
	EndGlobalSection
EndGlobal
